
Microsoft Visual Studio Solution File, Format Version 12.00
# Visual Studio 15
VisualStudioVersion = 15.0.28307.1585
MinimumVisualStudioVersion = 10.0.40219.1
Project("{FAE04EC0-301F-11D3-BF4B-00C04F79EFBC}") = "Test1", "Test1\Test1.csproj", "{A98A4461-DD51-44DC-A219-ECABEB44A6DC}"
EndProject
Global
	GlobalSection(SolutionConfigurationPlatforms) = preSolution
		Debug|Any CPU = Debug|Any CPU
		Release|Any CPU = Release|Any CPU
	EndGlobalSection
	GlobalSection(ProjectConfigurationPlatforms) = postSolution
		{A98A4461-DD51-44DC-A219-ECABEB44A6DC}.Debug|Any CPU.ActiveCfg = Debug|Any CPU
		{A98A4461-DD51-44DC-A219-ECABEB44A6DC}.Debug|Any CPU.Build.0 = Debug|Any CPU
		{A98A4461-DD51-44DC-A219-ECABEB44A6DC}.Release|Any CPU.ActiveCfg = Release|Any CPU
		{A98A4461-DD51-44DC-A219-ECABEB44A6DC}.Release|Any CPU.Build.0 = Release|Any CPU
	EndGlobalSection
	GlobalSection(SolutionProperties) = preSolution
		HideSolutionNode = FALSE
	EndGlobalSection
	GlobalSection(ExtensibilityGlobals) = postSolution
		SolutionGuid = {7BD11A3A-243D-417E-A0A8-F1EC0E2F43BD}
	EndGlobalSection
EndGlobal
